
Microsoft Visual Studio Solution File, Format Version 12.00
# Visual Studio Version 17
VisualStudioVersion = 17.6.33801.468
MinimumVisualStudioVersion = 10.0.40219.1
Project("{FAE04EC0-301F-11D3-BF4B-00C04F79EFBC}") = "Vjezba 1", "Vjezba 1.csproj", "{35DE979C-1464-4599-8329-FFB76214CABE}"
EndProject
Global
	GlobalSection(SolutionConfigurationPlatforms) = preSolution
		Debug|Any CPU = Debug|Any CPU
		Release|Any CPU = Release|Any CPU
	EndGlobalSection
	GlobalSection(ProjectConfigurationPlatforms) = postSolution
		{35DE979C-1464-4599-8329-FFB76214CABE}.Debug|Any CPU.ActiveCfg = Debug|Any CPU
		{35DE979C-1464-4599-8329-FFB76214CABE}.Debug|Any CPU.Build.0 = Debug|Any CPU
		{35DE979C-1464-4599-8329-FFB76214CABE}.Release|Any CPU.ActiveCfg = Release|Any CPU
		{35DE979C-1464-4599-8329-FFB76214CABE}.Release|Any CPU.Build.0 = Release|Any CPU
	EndGlobalSection
	GlobalSection(SolutionProperties) = preSolution
		HideSolutionNode = FALSE
	EndGlobalSection
	GlobalSection(ExtensibilityGlobals) = postSolution
		SolutionGuid = {A90F4288-691E-47D3-AC62-CC2554741BB4}
	EndGlobalSection
EndGlobal
